
Microsoft Visual Studio Solution File, Format Version 12.00
# Visual Studio 15
Project("{FAE04EC0-301F-11D3-BF4B-00C04F79EFBC}") = "Assembly-CSharp-Editor", "Assembly-CSharp-Editor.csproj", "{781C67D0-C948-50A5-8D74-A986F8805498}"
EndProject
Project("{FAE04EC0-301F-11D3-BF4B-00C04F79EFBC}") = "Assembly-CSharp", "Assembly-CSharp.csproj", "{7C1D3D07-1001-6DCA-9AE0-047442B21688}"
EndProject
Project("{FAE04EC0-301F-11D3-BF4B-00C04F79EFBC}") = "Sirenix.OdinInspector.Modules.UnityMathematics", "Sirenix.OdinInspector.Modules.UnityMathematics.csproj", "{313DD723-0862-6853-5F3E-3B87F45B34E4}"
EndProject
Project("{9A19103F-16F7-4668-BE54-9A1E7A4F7556}") = "BreadAIEditor", "..\BreadAI\BreadAIEditor\BreadAIEditor.csproj", "{E14E83B6-91DE-47B8-9F19-6135AEA95FAC}"
EndProject
Project("{9A19103F-16F7-4668-BE54-9A1E7A4F7556}") = "BreadAIExe", "..\BreadAI\BreadAI\BreadAIExe.csproj", "{AC8BF43B-8EE8-42FB-ADCE-2042079B679B}"
EndProject
Global
	GlobalSection(SolutionConfigurationPlatforms) = preSolution
		Debug|Any CPU = Debug|Any CPU
		Release|Any CPU = Release|Any CPU
	EndGlobalSection
	GlobalSection(ProjectConfigurationPlatforms) = postSolution
		{781C67D0-C948-50A5-8D74-A986F8805498}.Debug|Any CPU.ActiveCfg = Debug|Any CPU
		{781C67D0-C948-50A5-8D74-A986F8805498}.Debug|Any CPU.Build.0 = Debug|Any CPU
		{781C67D0-C948-50A5-8D74-A986F8805498}.Release|Any CPU.ActiveCfg = Release|Any CPU
		{781C67D0-C948-50A5-8D74-A986F8805498}.Release|Any CPU.Build.0 = Release|Any CPU
		{7C1D3D07-1001-6DCA-9AE0-047442B21688}.Debug|Any CPU.ActiveCfg = Debug|Any CPU
		{7C1D3D07-1001-6DCA-9AE0-047442B21688}.Debug|Any CPU.Build.0 = Debug|Any CPU
		{7C1D3D07-1001-6DCA-9AE0-047442B21688}.Release|Any CPU.ActiveCfg = Release|Any CPU
		{7C1D3D07-1001-6DCA-9AE0-047442B21688}.Release|Any CPU.Build.0 = Release|Any CPU
		{313DD723-0862-6853-5F3E-3B87F45B34E4}.Debug|Any CPU.ActiveCfg = Debug|Any CPU
		{313DD723-0862-6853-5F3E-3B87F45B34E4}.Debug|Any CPU.Build.0 = Debug|Any CPU
		{313DD723-0862-6853-5F3E-3B87F45B34E4}.Release|Any CPU.ActiveCfg = Release|Any CPU
		{313DD723-0862-6853-5F3E-3B87F45B34E4}.Release|Any CPU.Build.0 = Release|Any CPU
		{E14E83B6-91DE-47B8-9F19-6135AEA95FAC}.Debug|Any CPU.ActiveCfg = Debug|Any CPU
		{E14E83B6-91DE-47B8-9F19-6135AEA95FAC}.Debug|Any CPU.Build.0 = Debug|Any CPU
		{E14E83B6-91DE-47B8-9F19-6135AEA95FAC}.Release|Any CPU.ActiveCfg = Release|Any CPU
		{E14E83B6-91DE-47B8-9F19-6135AEA95FAC}.Release|Any CPU.Build.0 = Release|Any CPU
		{AC8BF43B-8EE8-42FB-ADCE-2042079B679B}.Debug|Any CPU.ActiveCfg = Debug|Any CPU
		{AC8BF43B-8EE8-42FB-ADCE-2042079B679B}.Debug|Any CPU.Build.0 = Debug|Any CPU
		{AC8BF43B-8EE8-42FB-ADCE-2042079B679B}.Release|Any CPU.ActiveCfg = Release|Any CPU
		{AC8BF43B-8EE8-42FB-ADCE-2042079B679B}.Release|Any CPU.Build.0 = Release|Any CPU
	EndGlobalSection
	GlobalSection(SolutionProperties) = preSolution
		HideSolutionNode = FALSE
	EndGlobalSection
EndGlobal
