
Microsoft Visual Studio Solution File, Format Version 12.00
# Visual Studio Version 17
VisualStudioVersion = 17.6.33815.320
MinimumVisualStudioVersion = 10.0.40219.1
Project("{FAE04EC0-301F-11D3-BF4B-00C04F79EFBC}") = "Assembly-CSharp", "Assembly-CSharp.csproj", "{7C1D3D07-1001-6DCA-9AE0-047442B21688}"
EndProject
Project("{FAE04EC0-301F-11D3-BF4B-00C04F79EFBC}") = "AstarPathfindingProject", "AstarPathfindingProject.csproj", "{21C372D8-A9E7-A610-234D-CE70891A07FD}"
EndProject
Project("{FAE04EC0-301F-11D3-BF4B-00C04F79EFBC}") = "Assembly-CSharp-Editor", "Assembly-CSharp-Editor.csproj", "{781C67D0-C948-50A5-8D74-A986F8805498}"
EndProject
Project("{FAE04EC0-301F-11D3-BF4B-00C04F79EFBC}") = "openai.api.unity", "openai.api.unity.csproj", "{515B55D5-0355-7122-C48F-BF86C363DCE9}"
EndProject
Project("{FAE04EC0-301F-11D3-BF4B-00C04F79EFBC}") = "AstarPathfindingProjectEditor", "AstarPathfindingProjectEditor.csproj", "{C9C1FD00-F4F5-8BB0-2CFF-F382AFC1746E}"
EndProject
Project("{FAE04EC0-301F-11D3-BF4B-00C04F79EFBC}") = "openai.api.unity.editor", "openai.api.unity.editor.csproj", "{89132D93-795D-0F2E-9738-0AB22EE6C303}"
EndProject
Project("{FAE04EC0-301F-11D3-BF4B-00C04F79EFBC}") = "AdjustPivot.Editor", "AdjustPivot.Editor.csproj", "{942EE966-DED0-F8B3-92D7-B2E88412F9A7}"
EndProject
Project("{FAE04EC0-301F-11D3-BF4B-00C04F79EFBC}") = "PackageToolsEditor", "PackageToolsEditor.csproj", "{726AFA8A-6532-E894-4BEC-E255CB223930}"
EndProject
Project("{FAE04EC0-301F-11D3-BF4B-00C04F79EFBC}") = "Sirenix.OdinInspector.Modules.UnityMathematics", "Sirenix.OdinInspector.Modules.UnityMathematics.csproj", "{313DD723-0862-6853-5F3E-3B87F45B34E4}"
EndProject
Project("{FAE04EC0-301F-11D3-BF4B-00C04F79EFBC}") = "BreadAICodeGenerator", "BreadAICodeGenerator\BreadAICodeGenerator.csproj", "{8147AD87-2A36-42E5-87BB-0D8581596D0D}"
EndProject
Global
	GlobalSection(SolutionConfigurationPlatforms) = preSolution
		Debug|Any CPU = Debug|Any CPU
		Release|Any CPU = Release|Any CPU
	EndGlobalSection
	GlobalSection(ProjectConfigurationPlatforms) = postSolution
		{7C1D3D07-1001-6DCA-9AE0-047442B21688}.Debug|Any CPU.ActiveCfg = Debug|Any CPU
		{7C1D3D07-1001-6DCA-9AE0-047442B21688}.Debug|Any CPU.Build.0 = Debug|Any CPU
		{7C1D3D07-1001-6DCA-9AE0-047442B21688}.Release|Any CPU.ActiveCfg = Release|Any CPU
		{7C1D3D07-1001-6DCA-9AE0-047442B21688}.Release|Any CPU.Build.0 = Release|Any CPU
		{21C372D8-A9E7-A610-234D-CE70891A07FD}.Debug|Any CPU.ActiveCfg = Debug|Any CPU
		{21C372D8-A9E7-A610-234D-CE70891A07FD}.Debug|Any CPU.Build.0 = Debug|Any CPU
		{21C372D8-A9E7-A610-234D-CE70891A07FD}.Release|Any CPU.ActiveCfg = Release|Any CPU
		{21C372D8-A9E7-A610-234D-CE70891A07FD}.Release|Any CPU.Build.0 = Release|Any CPU
		{781C67D0-C948-50A5-8D74-A986F8805498}.Debug|Any CPU.ActiveCfg = Debug|Any CPU
		{781C67D0-C948-50A5-8D74-A986F8805498}.Debug|Any CPU.Build.0 = Debug|Any CPU
		{781C67D0-C948-50A5-8D74-A986F8805498}.Release|Any CPU.ActiveCfg = Release|Any CPU
		{781C67D0-C948-50A5-8D74-A986F8805498}.Release|Any CPU.Build.0 = Release|Any CPU
		{515B55D5-0355-7122-C48F-BF86C363DCE9}.Debug|Any CPU.ActiveCfg = Debug|Any CPU
		{515B55D5-0355-7122-C48F-BF86C363DCE9}.Debug|Any CPU.Build.0 = Debug|Any CPU
		{515B55D5-0355-7122-C48F-BF86C363DCE9}.Release|Any CPU.ActiveCfg = Release|Any CPU
		{515B55D5-0355-7122-C48F-BF86C363DCE9}.Release|Any CPU.Build.0 = Release|Any CPU
		{C9C1FD00-F4F5-8BB0-2CFF-F382AFC1746E}.Debug|Any CPU.ActiveCfg = Debug|Any CPU
		{C9C1FD00-F4F5-8BB0-2CFF-F382AFC1746E}.Debug|Any CPU.Build.0 = Debug|Any CPU
		{C9C1FD00-F4F5-8BB0-2CFF-F382AFC1746E}.Release|Any CPU.ActiveCfg = Release|Any CPU
		{C9C1FD00-F4F5-8BB0-2CFF-F382AFC1746E}.Release|Any CPU.Build.0 = Release|Any CPU
		{89132D93-795D-0F2E-9738-0AB22EE6C303}.Debug|Any CPU.ActiveCfg = Debug|Any CPU
		{89132D93-795D-0F2E-9738-0AB22EE6C303}.Debug|Any CPU.Build.0 = Debug|Any CPU
		{89132D93-795D-0F2E-9738-0AB22EE6C303}.Release|Any CPU.ActiveCfg = Release|Any CPU
		{89132D93-795D-0F2E-9738-0AB22EE6C303}.Release|Any CPU.Build.0 = Release|Any CPU
		{942EE966-DED0-F8B3-92D7-B2E88412F9A7}.Debug|Any CPU.ActiveCfg = Debug|Any CPU
		{942EE966-DED0-F8B3-92D7-B2E88412F9A7}.Debug|Any CPU.Build.0 = Debug|Any CPU
		{942EE966-DED0-F8B3-92D7-B2E88412F9A7}.Release|Any CPU.ActiveCfg = Release|Any CPU
		{942EE966-DED0-F8B3-92D7-B2E88412F9A7}.Release|Any CPU.Build.0 = Release|Any CPU
		{726AFA8A-6532-E894-4BEC-E255CB223930}.Debug|Any CPU.ActiveCfg = Debug|Any CPU
		{726AFA8A-6532-E894-4BEC-E255CB223930}.Debug|Any CPU.Build.0 = Debug|Any CPU
		{726AFA8A-6532-E894-4BEC-E255CB223930}.Release|Any CPU.ActiveCfg = Release|Any CPU
		{726AFA8A-6532-E894-4BEC-E255CB223930}.Release|Any CPU.Build.0 = Release|Any CPU
		{313DD723-0862-6853-5F3E-3B87F45B34E4}.Debug|Any CPU.ActiveCfg = Debug|Any CPU
		{313DD723-0862-6853-5F3E-3B87F45B34E4}.Debug|Any CPU.Build.0 = Debug|Any CPU
		{313DD723-0862-6853-5F3E-3B87F45B34E4}.Release|Any CPU.ActiveCfg = Release|Any CPU
		{313DD723-0862-6853-5F3E-3B87F45B34E4}.Release|Any CPU.Build.0 = Release|Any CPU
		{8147AD87-2A36-42E5-87BB-0D8581596D0D}.Debug|Any CPU.ActiveCfg = Debug|Any CPU
		{8147AD87-2A36-42E5-87BB-0D8581596D0D}.Debug|Any CPU.Build.0 = Debug|Any CPU
		{8147AD87-2A36-42E5-87BB-0D8581596D0D}.Release|Any CPU.ActiveCfg = Release|Any CPU
		{8147AD87-2A36-42E5-87BB-0D8581596D0D}.Release|Any CPU.Build.0 = Release|Any CPU
	EndGlobalSection
	GlobalSection(SolutionProperties) = preSolution
		HideSolutionNode = FALSE
	EndGlobalSection
EndGlobal
